
Microsoft Visual Studio Solution File, Format Version 12.00
# Visual Studio Version 17
VisualStudioVersion = 17.6.33829.357
MinimumVisualStudioVersion = 10.0.40219.1
Project("{FAE04EC0-301F-11D3-BF4B-00C04F79EFBC}") = "Project.Core", "Project.Core\Project.Core.csproj", "{07F56E12-79F2-4F24-9BFD-2EE8511EE4C7}"
EndProject
Project("{FAE04EC0-301F-11D3-BF4B-00C04F79EFBC}") = "Project.Repository", "Project.Repository\Project.Repository.csproj", "{BCE33BB2-0F31-4BA6-B14A-B383FF5CB12C}"
EndProject
Project("{FAE04EC0-301F-11D3-BF4B-00C04F79EFBC}") = "Project.Service", "Project.Service\Project.Service.csproj", "{0B14455A-C851-400E-BFD5-FAA4F4DDE783}"
EndProject
Project("{FAE04EC0-301F-11D3-BF4B-00C04F79EFBC}") = "Project.API", "Project.API\Project.API.csproj", "{7AACE056-5565-4AD6-A1F4-65744485011A}"
EndProject
Project("{FAE04EC0-301F-11D3-BF4B-00C04F79EFBC}") = "Project.Web", "Project.Web\Project.Web.csproj", "{A8BD2DB5-C431-4DCE-BA3D-ECBB6A154CB2}"
EndProject
Project("{2150E333-8FDC-42A3-9474-1A3956D46DE8}") = "Ports", "Ports", "{5CA2B367-591D-4C4E-A855-FF9151EBB145}"
	ProjectSection(SolutionItems) = preProject
		Ports.txt = Ports.txt
	EndProjectSection
EndProject
Global
	GlobalSection(SolutionConfigurationPlatforms) = preSolution
		Debug|Any CPU = Debug|Any CPU
		Release|Any CPU = Release|Any CPU
	EndGlobalSection
	GlobalSection(ProjectConfigurationPlatforms) = postSolution
		{07F56E12-79F2-4F24-9BFD-2EE8511EE4C7}.Debug|Any CPU.ActiveCfg = Debug|Any CPU
		{07F56E12-79F2-4F24-9BFD-2EE8511EE4C7}.Debug|Any CPU.Build.0 = Debug|Any CPU
		{07F56E12-79F2-4F24-9BFD-2EE8511EE4C7}.Release|Any CPU.ActiveCfg = Release|Any CPU
		{07F56E12-79F2-4F24-9BFD-2EE8511EE4C7}.Release|Any CPU.Build.0 = Release|Any CPU
		{BCE33BB2-0F31-4BA6-B14A-B383FF5CB12C}.Debug|Any CPU.ActiveCfg = Debug|Any CPU
		{BCE33BB2-0F31-4BA6-B14A-B383FF5CB12C}.Debug|Any CPU.Build.0 = Debug|Any CPU
		{BCE33BB2-0F31-4BA6-B14A-B383FF5CB12C}.Release|Any CPU.ActiveCfg = Release|Any CPU
		{BCE33BB2-0F31-4BA6-B14A-B383FF5CB12C}.Release|Any CPU.Build.0 = Release|Any CPU
		{0B14455A-C851-400E-BFD5-FAA4F4DDE783}.Debug|Any CPU.ActiveCfg = Debug|Any CPU
		{0B14455A-C851-400E-BFD5-FAA4F4DDE783}.Debug|Any CPU.Build.0 = Debug|Any CPU
		{0B14455A-C851-400E-BFD5-FAA4F4DDE783}.Release|Any CPU.ActiveCfg = Release|Any CPU
		{0B14455A-C851-400E-BFD5-FAA4F4DDE783}.Release|Any CPU.Build.0 = Release|Any CPU
		{7AACE056-5565-4AD6-A1F4-65744485011A}.Debug|Any CPU.ActiveCfg = Debug|Any CPU
		{7AACE056-5565-4AD6-A1F4-65744485011A}.Debug|Any CPU.Build.0 = Debug|Any CPU
		{7AACE056-5565-4AD6-A1F4-65744485011A}.Release|Any CPU.ActiveCfg = Release|Any CPU
		{7AACE056-5565-4AD6-A1F4-65744485011A}.Release|Any CPU.Build.0 = Release|Any CPU
		{A8BD2DB5-C431-4DCE-BA3D-ECBB6A154CB2}.Debug|Any CPU.ActiveCfg = Debug|Any CPU
		{A8BD2DB5-C431-4DCE-BA3D-ECBB6A154CB2}.Debug|Any CPU.Build.0 = Debug|Any CPU
		{A8BD2DB5-C431-4DCE-BA3D-ECBB6A154CB2}.Release|Any CPU.ActiveCfg = Release|Any CPU
		{A8BD2DB5-C431-4DCE-BA3D-ECBB6A154CB2}.Release|Any CPU.Build.0 = Release|Any CPU
	EndGlobalSection
	GlobalSection(SolutionProperties) = preSolution
		HideSolutionNode = FALSE
	EndGlobalSection
	GlobalSection(ExtensibilityGlobals) = postSolution
		SolutionGuid = {9361B01F-C082-474B-9B08-DAEE0BD6761A}
	EndGlobalSection
EndGlobal
